
Microsoft Visual Studio Solution File, Format Version 12.00
# Visual Studio Version 17
VisualStudioVersion = 17.11.35312.102
MinimumVisualStudioVersion = 10.0.40219.1
Project("{FAE04EC0-301F-11D3-BF4B-00C04F79EFBC}") = "Tyuiu.StrekalovRA.Sprint0.Task0.V0", "Tyuiu.StrekalovRA.Sprint0.Task0.V0\Tyuiu.StrekalovRA.Sprint0.Task0.V0.csproj", "{1B3B23A1-4A9E-4D73-A10F-7BD49D96B9FF}"
EndProject
Project("{FAE04EC0-301F-11D3-BF4B-00C04F79EFBC}") = "Tyuiu.StrekalovRA.Sprint0.Task1.V0", "Tyuiu.StrekalovRA.Sprint0.Task1.V0\Tyuiu.StrekalovRA.Sprint0.Task1.V0.csproj", "{6B31160E-A0D9-4A63-9DDA-451C7050E237}"
EndProject
Project("{FAE04EC0-301F-11D3-BF4B-00C04F79EFBC}") = "Tyuiu.StrekalovRA.Sprint0.Task2.V0", "Tyuiu.StrekalovRA.Sprint0.Task2.V0\Tyuiu.StrekalovRA.Sprint0.Task2.V0.csproj", "{053A6104-D490-4F56-9030-A4DB3C3F18A3}"
EndProject
Project("{FAE04EC0-301F-11D3-BF4B-00C04F79EFBC}") = "Tyuiu.StrekalovRA.Sprint0.Task2.V0.Test", "Tyuiu.StrekalovRA.Sprint0.Task2.V0.Test\Tyuiu.StrekalovRA.Sprint0.Task2.V0.Test.csproj", "{0F556F8A-3F63-483F-8F32-5AF673BD18D4}"
EndProject
Project("{FAE04EC0-301F-11D3-BF4B-00C04F79EFBC}") = "Tyuiu.StrekalovRA.Sprint0.Task2.V0.Lib", "Tyuiu.StrekalovRA.Sprint0.Task2.V0.Lib\Tyuiu.StrekalovRA.Sprint0.Task2.V0.Lib.csproj", "{6D15873B-E68E-4686-8A86-87507D5A00E3}"
EndProject
Project("{2150E333-8FDC-42A3-9474-1A3956D46DE8}") = "TASK_2", "TASK_2", "{A9A444BA-31F0-4ED7-9F31-381215D6CE6B}"
EndProject
Project("{2150E333-8FDC-42A3-9474-1A3956D46DE8}") = "TASK_0_1", "TASK_0_1", "{0F231FE7-2933-42ED-B139-21C9115E8245}"
EndProject
Project("{2150E333-8FDC-42A3-9474-1A3956D46DE8}") = "TASK_3", "TASK_3", "{632B0859-C69C-495C-9B8D-B468E7E7542A}"
EndProject
Project("{FAE04EC0-301F-11D3-BF4B-00C04F79EFBC}") = "Tyuiu.StrekalovRA.Sprint0.Task3.V0.Lib", "Tyuiu.StrekalovRA.Sprint0.Task3.V0.Lib\Tyuiu.StrekalovRA.Sprint0.Task3.V0.Lib.csproj", "{9A03846F-4ED1-429F-946E-EEDA89C3C1DE}"
EndProject
Project("{FAE04EC0-301F-11D3-BF4B-00C04F79EFBC}") = "Tyuiu.StrekalovRA.Sprint0.Task3.V0.Test", "Tyuiu.StrekalovRA.Sprint0.Task3.V0.Test\Tyuiu.StrekalovRA.Sprint0.Task3.V0.Test.csproj", "{0DB281AE-5CA9-4BBC-A37B-0D64DD457BA0}"
EndProject
Project("{FAE04EC0-301F-11D3-BF4B-00C04F79EFBC}") = "Tyuiu.StrekalovRA.Sprint0.Task3.V0", "Tyuiu.StrekalovRA.Sprint0.Task3.V0\Tyuiu.StrekalovRA.Sprint0.Task3.V0.csproj", "{178F0EBE-59DB-4636-87D0-BEB9CC5B871F}"
EndProject
Project("{2150E333-8FDC-42A3-9474-1A3956D46DE8}") = "TASK_4", "TASK_4", "{5B5577D2-9FA2-4EAB-8ECF-857E626DF933}"
EndProject
Project("{FAE04EC0-301F-11D3-BF4B-00C04F79EFBC}") = "Tyuiu.StrekalovRA.Sprint0.Task4.V0", "Tyuiu.StrekalovRA.Sprint0.Task4.V0\Tyuiu.StrekalovRA.Sprint0.Task4.V0.csproj", "{ADBD4115-7905-4F9F-9CB6-89DD882D66D5}"
EndProject
Project("{FAE04EC0-301F-11D3-BF4B-00C04F79EFBC}") = "Tyuiu.StrekalovRA.Sprint0.Task4.V0.Test", "Tyuiu.StrekalovRA.Sprint0.Task4.V0.Test\Tyuiu.StrekalovRA.Sprint0.Task4.V0.Test.csproj", "{16F97FFE-CE18-407B-B0A8-97BDE2B36588}"
EndProject
Project("{FAE04EC0-301F-11D3-BF4B-00C04F79EFBC}") = "Tyuiu.StrekalovRA.Sprint0.Task4.V0.Lib", "Tyuiu.StrekalovRA.Sprint0.Task4.V0.Lib\Tyuiu.StrekalovRA.Sprint0.Task4.V0.Lib.csproj", "{F103402B-963B-4435-8027-7B659614C63E}"
EndProject
Project("{2150E333-8FDC-42A3-9474-1A3956D46DE8}") = "TASK_5", "TASK_5", "{DFD3D49F-ADA3-4F19-ACF2-11256D9CA6A7}"
EndProject
Project("{FAE04EC0-301F-11D3-BF4B-00C04F79EFBC}") = "Tyuiu.StrekalovRA.Sprint0.Task5.V0.Lib", "Tyuiu.StrekalovRA.Sprint0.Task5.V0.Lib\Tyuiu.StrekalovRA.Sprint0.Task5.V0.Lib.csproj", "{A48B36A1-6CB5-41D5-A013-689208981461}"
EndProject
Project("{FAE04EC0-301F-11D3-BF4B-00C04F79EFBC}") = "Tyuiu.StrekalovRA.Sprint0.Task5.V0.Test", "Tyuiu.StrekalovRA.Sprint0.Task5.V0.Test\Tyuiu.StrekalovRA.Sprint0.Task5.V0.Test.csproj", "{3F6F36EC-4812-4A41-A828-327620BC687D}"
EndProject
Project("{FAE04EC0-301F-11D3-BF4B-00C04F79EFBC}") = "Tyuiu.StrekalovRA.Sprint0.Task5.V0", "Tyuiu.StrekalovRA.Sprint0.Task5.V0\Tyuiu.StrekalovRA.Sprint0.Task5.V0.csproj", "{E182912A-8B14-4B84-AAE1-9F5DACD48124}"
EndProject
Project("{2150E333-8FDC-42A3-9474-1A3956D46DE8}") = "TASK_6", "TASK_6", "{E94047E6-BA6E-44A4-A283-7D2F31564F18}"
EndProject
Project("{FAE04EC0-301F-11D3-BF4B-00C04F79EFBC}") = "Tyuiu.StrekalovRA.Sprint0.Task6.V0", "Tyuiu.StrekalovRA.Sprint0.Task6.V0\Tyuiu.StrekalovRA.Sprint0.Task6.V0.csproj", "{EB61E472-AA27-42FD-9507-46D7C698D368}"
EndProject
Project("{FAE04EC0-301F-11D3-BF4B-00C04F79EFBC}") = "Tyuiu.StrekalovRA.Sprint0.Task6.V0.Test", "Tyuiu.StrekalovRA.Sprint0.Task6.V0.Test\Tyuiu.StrekalovRA.Sprint0.Task6.V0.Test.csproj", "{9BBFFB7A-82A1-483C-B069-50E76A9C50DB}"
EndProject
Project("{FAE04EC0-301F-11D3-BF4B-00C04F79EFBC}") = "Tyuiu.StrekalovRA.Sprint0.Task6.V0.Lib", "Tyuiu.StrekalovRA.Sprint0.Task6.V0.Lib\Tyuiu.StrekalovRA.Sprint0.Task6.V0.Lib.csproj", "{C9A2AF17-9010-41D4-9530-6F3F81F25DB1}"
EndProject
Project("{2150E333-8FDC-42A3-9474-1A3956D46DE8}") = "TASK_7", "TASK_7", "{50746298-E0A2-43B9-A4CF-AE4E971789CC}"
EndProject
Project("{FAE04EC0-301F-11D3-BF4B-00C04F79EFBC}") = "Tyuiu.StrekalovRA.Sprint0.Task7.V0", "Tyuiu.StrekalovRA.Sprint0.Task7.V0\Tyuiu.StrekalovRA.Sprint0.Task7.V0.csproj", "{A295303D-19B3-46C0-B6B8-0E37CE51335D}"
EndProject
Project("{FAE04EC0-301F-11D3-BF4B-00C04F79EFBC}") = "Tyuiu.StrekalovRA.Sprint0.Task7.V0.Lib", "Tyuiu.StrekalovRA.Sprint0.Task7.V0.Lib\Tyuiu.StrekalovRA.Sprint0.Task7.V0.Lib.csproj", "{4B35D382-C4E9-405E-80CA-75AAED91AE9D}"
EndProject
Project("{FAE04EC0-301F-11D3-BF4B-00C04F79EFBC}") = "Tyuiu.StrekalovRA.Sprint0.Task7.V0.Test", "Tyuiu.StrekalovRA.Sprint0.Task7.V0.Test\Tyuiu.StrekalovRA.Sprint0.Task7.V0.Test.csproj", "{062361AA-BECD-43F2-9AB9-39D8E5540FC1}"
EndProject
Global
	GlobalSection(SolutionConfigurationPlatforms) = preSolution
		Debug|Any CPU = Debug|Any CPU
		Release|Any CPU = Release|Any CPU
	EndGlobalSection
	GlobalSection(ProjectConfigurationPlatforms) = postSolution
		{1B3B23A1-4A9E-4D73-A10F-7BD49D96B9FF}.Debug|Any CPU.ActiveCfg = Debug|Any CPU
		{1B3B23A1-4A9E-4D73-A10F-7BD49D96B9FF}.Debug|Any CPU.Build.0 = Debug|Any CPU
		{1B3B23A1-4A9E-4D73-A10F-7BD49D96B9FF}.Release|Any CPU.ActiveCfg = Release|Any CPU
		{1B3B23A1-4A9E-4D73-A10F-7BD49D96B9FF}.Release|Any CPU.Build.0 = Release|Any CPU
		{6B31160E-A0D9-4A63-9DDA-451C7050E237}.Debug|Any CPU.ActiveCfg = Debug|Any CPU
		{6B31160E-A0D9-4A63-9DDA-451C7050E237}.Debug|Any CPU.Build.0 = Debug|Any CPU
		{6B31160E-A0D9-4A63-9DDA-451C7050E237}.Release|Any CPU.ActiveCfg = Release|Any CPU
		{6B31160E-A0D9-4A63-9DDA-451C7050E237}.Release|Any CPU.Build.0 = Release|Any CPU
		{053A6104-D490-4F56-9030-A4DB3C3F18A3}.Debug|Any CPU.ActiveCfg = Debug|Any CPU
		{053A6104-D490-4F56-9030-A4DB3C3F18A3}.Debug|Any CPU.Build.0 = Debug|Any CPU
		{053A6104-D490-4F56-9030-A4DB3C3F18A3}.Release|Any CPU.ActiveCfg = Release|Any CPU
		{053A6104-D490-4F56-9030-A4DB3C3F18A3}.Release|Any CPU.Build.0 = Release|Any CPU
		{0F556F8A-3F63-483F-8F32-5AF673BD18D4}.Debug|Any CPU.ActiveCfg = Debug|Any CPU
		{0F556F8A-3F63-483F-8F32-5AF673BD18D4}.Debug|Any CPU.Build.0 = Debug|Any CPU
		{0F556F8A-3F63-483F-8F32-5AF673BD18D4}.Release|Any CPU.ActiveCfg = Release|Any CPU
		{0F556F8A-3F63-483F-8F32-5AF673BD18D4}.Release|Any CPU.Build.0 = Release|Any CPU
		{6D15873B-E68E-4686-8A86-87507D5A00E3}.Debug|Any CPU.ActiveCfg = Debug|Any CPU
		{6D15873B-E68E-4686-8A86-87507D5A00E3}.Debug|Any CPU.Build.0 = Debug|Any CPU
		{6D15873B-E68E-4686-8A86-87507D5A00E3}.Release|Any CPU.ActiveCfg = Release|Any CPU
		{6D15873B-E68E-4686-8A86-87507D5A00E3}.Release|Any CPU.Build.0 = Release|Any CPU
		{9A03846F-4ED1-429F-946E-EEDA89C3C1DE}.Debug|Any CPU.ActiveCfg = Debug|Any CPU
		{9A03846F-4ED1-429F-946E-EEDA89C3C1DE}.Debug|Any CPU.Build.0 = Debug|Any CPU
		{9A03846F-4ED1-429F-946E-EEDA89C3C1DE}.Release|Any CPU.ActiveCfg = Release|Any CPU
		{9A03846F-4ED1-429F-946E-EEDA89C3C1DE}.Release|Any CPU.Build.0 = Release|Any CPU
		{0DB281AE-5CA9-4BBC-A37B-0D64DD457BA0}.Debug|Any CPU.ActiveCfg = Debug|Any CPU
		{0DB281AE-5CA9-4BBC-A37B-0D64DD457BA0}.Debug|Any CPU.Build.0 = Debug|Any CPU
		{0DB281AE-5CA9-4BBC-A37B-0D64DD457BA0}.Release|Any CPU.ActiveCfg = Release|Any CPU
		{0DB281AE-5CA9-4BBC-A37B-0D64DD457BA0}.Release|Any CPU.Build.0 = Release|Any CPU
		{178F0EBE-59DB-4636-87D0-BEB9CC5B871F}.Debug|Any CPU.ActiveCfg = Debug|Any CPU
		{178F0EBE-59DB-4636-87D0-BEB9CC5B871F}.Debug|Any CPU.Build.0 = Debug|Any CPU
		{178F0EBE-59DB-4636-87D0-BEB9CC5B871F}.Release|Any CPU.ActiveCfg = Release|Any CPU
		{178F0EBE-59DB-4636-87D0-BEB9CC5B871F}.Release|Any CPU.Build.0 = Release|Any CPU
		{ADBD4115-7905-4F9F-9CB6-89DD882D66D5}.Debug|Any CPU.ActiveCfg = Debug|Any CPU
		{ADBD4115-7905-4F9F-9CB6-89DD882D66D5}.Debug|Any CPU.Build.0 = Debug|Any CPU
		{ADBD4115-7905-4F9F-9CB6-89DD882D66D5}.Release|Any CPU.ActiveCfg = Release|Any CPU
		{ADBD4115-7905-4F9F-9CB6-89DD882D66D5}.Release|Any CPU.Build.0 = Release|Any CPU
		{16F97FFE-CE18-407B-B0A8-97BDE2B36588}.Debug|Any CPU.ActiveCfg = Debug|Any CPU
		{16F97FFE-CE18-407B-B0A8-97BDE2B36588}.Debug|Any CPU.Build.0 = Debug|Any CPU
		{16F97FFE-CE18-407B-B0A8-97BDE2B36588}.Release|Any CPU.ActiveCfg = Release|Any CPU
		{16F97FFE-CE18-407B-B0A8-97BDE2B36588}.Release|Any CPU.Build.0 = Release|Any CPU
		{F103402B-963B-4435-8027-7B659614C63E}.Debug|Any CPU.ActiveCfg = Debug|Any CPU
		{F103402B-963B-4435-8027-7B659614C63E}.Debug|Any CPU.Build.0 = Debug|Any CPU
		{F103402B-963B-4435-8027-7B659614C63E}.Release|Any CPU.ActiveCfg = Release|Any CPU
		{F103402B-963B-4435-8027-7B659614C63E}.Release|Any CPU.Build.0 = Release|Any CPU
		{A48B36A1-6CB5-41D5-A013-689208981461}.Debug|Any CPU.ActiveCfg = Debug|Any CPU
		{A48B36A1-6CB5-41D5-A013-689208981461}.Debug|Any CPU.Build.0 = Debug|Any CPU
		{A48B36A1-6CB5-41D5-A013-689208981461}.Release|Any CPU.ActiveCfg = Release|Any CPU
		{A48B36A1-6CB5-41D5-A013-689208981461}.Release|Any CPU.Build.0 = Release|Any CPU
		{3F6F36EC-4812-4A41-A828-327620BC687D}.Debug|Any CPU.ActiveCfg = Debug|Any CPU
		{3F6F36EC-4812-4A41-A828-327620BC687D}.Debug|Any CPU.Build.0 = Debug|Any CPU
		{3F6F36EC-4812-4A41-A828-327620BC687D}.Release|Any CPU.ActiveCfg = Release|Any CPU
		{3F6F36EC-4812-4A41-A828-327620BC687D}.Release|Any CPU.Build.0 = Release|Any CPU
		{E182912A-8B14-4B84-AAE1-9F5DACD48124}.Debug|Any CPU.ActiveCfg = Debug|Any CPU
		{E182912A-8B14-4B84-AAE1-9F5DACD48124}.Debug|Any CPU.Build.0 = Debug|Any CPU
		{E182912A-8B14-4B84-AAE1-9F5DACD48124}.Release|Any CPU.ActiveCfg = Release|Any CPU
		{E182912A-8B14-4B84-AAE1-9F5DACD48124}.Release|Any CPU.Build.0 = Release|Any CPU
		{EB61E472-AA27-42FD-9507-46D7C698D368}.Debug|Any CPU.ActiveCfg = Debug|Any CPU
		{EB61E472-AA27-42FD-9507-46D7C698D368}.Debug|Any CPU.Build.0 = Debug|Any CPU
		{EB61E472-AA27-42FD-9507-46D7C698D368}.Release|Any CPU.ActiveCfg = Release|Any CPU
		{EB61E472-AA27-42FD-9507-46D7C698D368}.Release|Any CPU.Build.0 = Release|Any CPU
		{9BBFFB7A-82A1-483C-B069-50E76A9C50DB}.Debug|Any CPU.ActiveCfg = Debug|Any CPU
		{9BBFFB7A-82A1-483C-B069-50E76A9C50DB}.Debug|Any CPU.Build.0 = Debug|Any CPU
		{9BBFFB7A-82A1-483C-B069-50E76A9C50DB}.Release|Any CPU.ActiveCfg = Release|Any CPU
		{9BBFFB7A-82A1-483C-B069-50E76A9C50DB}.Release|Any CPU.Build.0 = Release|Any CPU
		{C9A2AF17-9010-41D4-9530-6F3F81F25DB1}.Debug|Any CPU.ActiveCfg = Debug|Any CPU
		{C9A2AF17-9010-41D4-9530-6F3F81F25DB1}.Debug|Any CPU.Build.0 = Debug|Any CPU
		{C9A2AF17-9010-41D4-9530-6F3F81F25DB1}.Release|Any CPU.ActiveCfg = Release|Any CPU
		{C9A2AF17-9010-41D4-9530-6F3F81F25DB1}.Release|Any CPU.Build.0 = Release|Any CPU
		{A295303D-19B3-46C0-B6B8-0E37CE51335D}.Debug|Any CPU.ActiveCfg = Debug|Any CPU
		{A295303D-19B3-46C0-B6B8-0E37CE51335D}.Debug|Any CPU.Build.0 = Debug|Any CPU
		{A295303D-19B3-46C0-B6B8-0E37CE51335D}.Release|Any CPU.ActiveCfg = Release|Any CPU
		{A295303D-19B3-46C0-B6B8-0E37CE51335D}.Release|Any CPU.Build.0 = Release|Any CPU
		{4B35D382-C4E9-405E-80CA-75AAED91AE9D}.Debug|Any CPU.ActiveCfg = Debug|Any CPU
		{4B35D382-C4E9-405E-80CA-75AAED91AE9D}.Debug|Any CPU.Build.0 = Debug|Any CPU
		{4B35D382-C4E9-405E-80CA-75AAED91AE9D}.Release|Any CPU.ActiveCfg = Release|Any CPU
		{4B35D382-C4E9-405E-80CA-75AAED91AE9D}.Release|Any CPU.Build.0 = Release|Any CPU
		{062361AA-BECD-43F2-9AB9-39D8E5540FC1}.Debug|Any CPU.ActiveCfg = Debug|Any CPU
		{062361AA-BECD-43F2-9AB9-39D8E5540FC1}.Debug|Any CPU.Build.0 = Debug|Any CPU
		{062361AA-BECD-43F2-9AB9-39D8E5540FC1}.Release|Any CPU.ActiveCfg = Release|Any CPU
		{062361AA-BECD-43F2-9AB9-39D8E5540FC1}.Release|Any CPU.Build.0 = Release|Any CPU
	EndGlobalSection
	GlobalSection(SolutionProperties) = preSolution
		HideSolutionNode = FALSE
	EndGlobalSection
	GlobalSection(NestedProjects) = preSolution
		{1B3B23A1-4A9E-4D73-A10F-7BD49D96B9FF} = {0F231FE7-2933-42ED-B139-21C9115E8245}
		{6B31160E-A0D9-4A63-9DDA-451C7050E237} = {0F231FE7-2933-42ED-B139-21C9115E8245}
		{053A6104-D490-4F56-9030-A4DB3C3F18A3} = {A9A444BA-31F0-4ED7-9F31-381215D6CE6B}
		{0F556F8A-3F63-483F-8F32-5AF673BD18D4} = {A9A444BA-31F0-4ED7-9F31-381215D6CE6B}
		{6D15873B-E68E-4686-8A86-87507D5A00E3} = {A9A444BA-31F0-4ED7-9F31-381215D6CE6B}
		{9A03846F-4ED1-429F-946E-EEDA89C3C1DE} = {632B0859-C69C-495C-9B8D-B468E7E7542A}
		{0DB281AE-5CA9-4BBC-A37B-0D64DD457BA0} = {632B0859-C69C-495C-9B8D-B468E7E7542A}
		{178F0EBE-59DB-4636-87D0-BEB9CC5B871F} = {632B0859-C69C-495C-9B8D-B468E7E7542A}
		{ADBD4115-7905-4F9F-9CB6-89DD882D66D5} = {5B5577D2-9FA2-4EAB-8ECF-857E626DF933}
		{16F97FFE-CE18-407B-B0A8-97BDE2B36588} = {5B5577D2-9FA2-4EAB-8ECF-857E626DF933}
		{F103402B-963B-4435-8027-7B659614C63E} = {5B5577D2-9FA2-4EAB-8ECF-857E626DF933}
		{A48B36A1-6CB5-41D5-A013-689208981461} = {DFD3D49F-ADA3-4F19-ACF2-11256D9CA6A7}
		{3F6F36EC-4812-4A41-A828-327620BC687D} = {DFD3D49F-ADA3-4F19-ACF2-11256D9CA6A7}
		{E182912A-8B14-4B84-AAE1-9F5DACD48124} = {DFD3D49F-ADA3-4F19-ACF2-11256D9CA6A7}
		{EB61E472-AA27-42FD-9507-46D7C698D368} = {E94047E6-BA6E-44A4-A283-7D2F31564F18}
		{9BBFFB7A-82A1-483C-B069-50E76A9C50DB} = {E94047E6-BA6E-44A4-A283-7D2F31564F18}
		{C9A2AF17-9010-41D4-9530-6F3F81F25DB1} = {E94047E6-BA6E-44A4-A283-7D2F31564F18}
		{A295303D-19B3-46C0-B6B8-0E37CE51335D} = {50746298-E0A2-43B9-A4CF-AE4E971789CC}
		{4B35D382-C4E9-405E-80CA-75AAED91AE9D} = {50746298-E0A2-43B9-A4CF-AE4E971789CC}
		{062361AA-BECD-43F2-9AB9-39D8E5540FC1} = {50746298-E0A2-43B9-A4CF-AE4E971789CC}
	EndGlobalSection
	GlobalSection(ExtensibilityGlobals) = postSolution
		SolutionGuid = {9E8D0478-EC5E-403D-90CB-BFAAE6311F1C}
	EndGlobalSection
EndGlobal
